
Microsoft Visual Studio Solution File, Format Version 12.00
# Visual Studio Version 16
VisualStudioVersion = 16.0.29215.179
MinimumVisualStudioVersion = 10.0.40219.1
Project("{9A19103F-16F7-4668-BE54-9A1E7A4F7556}") = "Wordify.WebUI", "Wordify\Wordify.WebUI.csproj", "{796F3B87-A986-4A89-9243-314ACAA5847D}"
EndProject
Project("{9A19103F-16F7-4668-BE54-9A1E7A4F7556}") = "Wordify.Entity", "Wordify.Entity\Wordify.Entity.csproj", "{314EB2CF-679F-4D90-B08E-516E7ADE14C6}"
EndProject
Project("{9A19103F-16F7-4668-BE54-9A1E7A4F7556}") = "Wordify.Data", "Wordify.Data\Wordify.Data.csproj", "{57B94455-D0E7-4581-91CF-CC905709FAC0}"
EndProject
Global
	GlobalSection(SolutionConfigurationPlatforms) = preSolution
		Debug|Any CPU = Debug|Any CPU
		Release|Any CPU = Release|Any CPU
	EndGlobalSection
	GlobalSection(ProjectConfigurationPlatforms) = postSolution
		{796F3B87-A986-4A89-9243-314ACAA5847D}.Debug|Any CPU.ActiveCfg = Debug|Any CPU
		{796F3B87-A986-4A89-9243-314ACAA5847D}.Debug|Any CPU.Build.0 = Debug|Any CPU
		{796F3B87-A986-4A89-9243-314ACAA5847D}.Release|Any CPU.ActiveCfg = Release|Any CPU
		{796F3B87-A986-4A89-9243-314ACAA5847D}.Release|Any CPU.Build.0 = Release|Any CPU
		{314EB2CF-679F-4D90-B08E-516E7ADE14C6}.Debug|Any CPU.ActiveCfg = Debug|Any CPU
		{314EB2CF-679F-4D90-B08E-516E7ADE14C6}.Debug|Any CPU.Build.0 = Debug|Any CPU
		{314EB2CF-679F-4D90-B08E-516E7ADE14C6}.Release|Any CPU.ActiveCfg = Release|Any CPU
		{314EB2CF-679F-4D90-B08E-516E7ADE14C6}.Release|Any CPU.Build.0 = Release|Any CPU
		{57B94455-D0E7-4581-91CF-CC905709FAC0}.Debug|Any CPU.ActiveCfg = Debug|Any CPU
		{57B94455-D0E7-4581-91CF-CC905709FAC0}.Debug|Any CPU.Build.0 = Debug|Any CPU
		{57B94455-D0E7-4581-91CF-CC905709FAC0}.Release|Any CPU.ActiveCfg = Release|Any CPU
		{57B94455-D0E7-4581-91CF-CC905709FAC0}.Release|Any CPU.Build.0 = Release|Any CPU
	EndGlobalSection
	GlobalSection(SolutionProperties) = preSolution
		HideSolutionNode = FALSE
	EndGlobalSection
	GlobalSection(ExtensibilityGlobals) = postSolution
		SolutionGuid = {3F0B2E46-B142-4268-A9C3-61A0EA8C1D11}
	EndGlobalSection
EndGlobal
